
Microsoft Visual Studio Solution File, Format Version 12.00
Project("{F2A71F9B-5D33-465A-A702-920D77279786}") = "GithubApp", "GithubApp.fsproj", "{7B9F666C-AEC5-4BB8-B297-26BC34C9DFFF}"
EndProject
Global
	GlobalSection(SolutionConfigurationPlatforms) = preSolution
		Debug|Any CPU = Debug|Any CPU
		Release|Any CPU = Release|Any CPU
	EndGlobalSection
	GlobalSection(ProjectConfigurationPlatforms) = postSolution
		{7B9F666C-AEC5-4BB8-B297-26BC34C9DFFF}.Debug|Any CPU.ActiveCfg = Debug|Any CPU
		{7B9F666C-AEC5-4BB8-B297-26BC34C9DFFF}.Debug|Any CPU.Build.0 = Debug|Any CPU
		{7B9F666C-AEC5-4BB8-B297-26BC34C9DFFF}.Release|Any CPU.ActiveCfg = Release|Any CPU
		{7B9F666C-AEC5-4BB8-B297-26BC34C9DFFF}.Release|Any CPU.Build.0 = Release|Any CPU
	EndGlobalSection
EndGlobal
